{
  "name": "Hacker-News",
  "version": "1.0.0",
  "lockfileVersion": 1,
  "requires": true,
  "dependencies": {
    "@lezer/common": {
      "version": "0.15.12",
      "resolved": "https://registry.npmjs.org/@lezer/common/-/common-0.15.12.tgz",
      "integrity": "sha512-edfwCxNLnzq5pBA/yaIhwJ3U3Kz8VAUOTRg0hhxaizaI1N+qxV7EXDv/kLCkLeq2RzSFvxexlaj5Mzfn2kY0Ig==",
      "dev": true
    },
    "@lezer/lr": {
      "version": "0.15.8",
      "resolved": "https://registry.npmjs.org/@lezer/lr/-/lr-0.15.8.tgz",
      "integrity": "sha512-bM6oE6VQZ6hIFxDNKk8bKPa14hqFrV07J/vHGOeiAbJReIaQXmkVb6xQu4MR+JBTLa5arGRyAAjJe1qaQt3Uvg==",
      "dev": true,
      "requires": {
        "@lezer/common": "^0.15.0"
      }
    },
    "@lmdb/lmdb-darwin-arm64": {
      "version": "2.5.2",
      "resolved": "https://registry.npmjs.org/@lmdb/lmdb-darwin-arm64/-/lmdb-darwin-arm64-2.5.2.tgz",
      "integrity": "sha512-+F8ioQIUN68B4UFiIBYu0QQvgb9FmlKw2ctQMSBfW2QBrZIxz9vD9jCGqTCPqZBRbPHAS/vG1zSXnKqnS2ch/A==",
      "dev": true,
      "optional": true
    },
    "@lmdb/lmdb-darwin-x64": {
      "version": "2.5.2",
      "resolved": "https://registry.npmjs.org/@lmdb/lmdb-darwin-x64/-/lmdb-darwin-x64-2.5.2.tgz",
      "integrity": "sha512-KvPH56KRLLx4KSfKBx0m1r7GGGUMXm0jrKmNE7plbHlesZMuPJICtn07HYgQhj1LNsK7Yqwuvnqh1QxhJnF1EA==",
      "dev": true,
      "optional": true
    },
    "@lmdb/lmdb-linux-arm": {
      "version": "2.5.2",
      "resolved": "https://registry.npmjs.org/@lmdb/lmdb-linux-arm/-/lmdb-linux-arm-2.5.2.tgz",
      "integrity": "sha512-5kQAP21hAkfW5Bl+e0P57dV4dGYnkNIpR7f/GAh6QHlgXx+vp/teVj4PGRZaKAvt0GX6++N6hF8NnGElLDuIDw==",
      "dev": true,
      "optional": true
    },
    "@lmdb/lmdb-linux-arm64": {
      "version": "2.5.2",
      "resolved": "https://registry.npmjs.org/@lmdb/lmdb-linux-arm64/-/lmdb-linux-arm64-2.5.2.tgz",
      "integrity": "sha512-aLl89VHL/wjhievEOlPocoefUyWdvzVrcQ/MHQYZm2JfV1jUsrbr/ZfkPPUFvZBf+VSE+Q0clWs9l29PCX1hTQ==",
      "dev": true,
      "optional": true
    },
    "@lmdb/lmdb-linux-x64": {
      "version": "2.5.2",
      "resolved": "https://registry.npmjs.org/@lmdb/lmdb-linux-x64/-/lmdb-linux-x64-2.5.2.tgz",
      "integrity": "sha512-xUdUfwDJLGjOUPH3BuPBt0NlIrR7f/QHKgu3GZIXswMMIihAekj2i97oI0iWG5Bok/b+OBjHPfa8IU9velnP/Q==",
      "dev": true,
      "optional": true
    },
    "@lmdb/lmdb-win32-x64": {
      "version": "2.5.2",
      "resolved": "https://registry.npmjs.org/@lmdb/lmdb-win32-x64/-/lmdb-win32-x64-2.5.2.tgz",
      "integrity": "sha512-zrBczSbXKxEyK2ijtbRdICDygRqWSRPpZMN5dD1T8VMEW5RIhIbwFWw2phDRXuBQdVDpSjalCIUMWMV2h3JaZA==",
      "dev": true,
      "optional": true
    },
    "@mischnic/json-sourcemap": {
      "version": "0.1.0",
      "resolved": "https://registry.npmjs.org/@mischnic/json-sourcemap/-/json-sourcemap-0.1.0.tgz",
      "integrity": "sha512-dQb3QnfNqmQNYA4nFSN/uLaByIic58gOXq4Y4XqLOWmOrw73KmJPt/HLyG0wvn1bnR6mBKs/Uwvkh+Hns1T0XA==",
      "dev": true,
      "requires": {
        "@lezer/common": "^0.15.7",
        "@lezer/lr": "^0.15.4",
        "json5": "^2.2.1"
      }
    },
    "@msgpackr-extract/msgpackr-extract-darwin-arm64": {
      "version": "2.2.0",
      "resolved": "https://registry.npmjs.org/@msgpackr-extract/msgpackr-extract-darwin-arm64/-/msgpackr-extract-darwin-arm64-2.2.0.tgz",
      "integrity": "sha512-Z9LFPzfoJi4mflGWV+rv7o7ZbMU5oAU9VmzCgL240KnqDW65Y2HFCT3MW06/ITJSnbVLacmcEJA8phywK7JinQ==",
      "dev": true,
      "optional": true
    },
    "@msgpackr-extract/msgpackr-extract-darwin-x64": {
      "version": "2.2.0",
      "resolved": "https://registry.npmjs.org/@msgpackr-extract/msgpackr-extract-darwin-x64/-/msgpackr-extract-darwin-x64-2.2.0.tgz",
      "integrity": "sha512-vq0tT8sjZsy4JdSqmadWVw6f66UXqUCabLmUVHZwUFzMgtgoIIQjT4VVRHKvlof3P/dMCkbMJ5hB1oJ9OWHaaw==",
      "dev": true,
      "optional": true
    },
    "@msgpackr-extract/msgpackr-extract-linux-arm": {
      "version": "2.2.0",
      "resolved": "https://registry.npmjs.org/@msgpackr-extract/msgpackr-extract-linux-arm/-/msgpackr-extract-linux-arm-2.2.0.tgz",
      "integrity": "sha512-SaJ3Qq4lX9Syd2xEo9u3qPxi/OB+5JO/ngJKK97XDpa1C587H9EWYO6KD8995DAjSinWvdHKRrCOXVUC5fvGOg==",
      "dev": true,
      "optional": true
    },
    "@msgpackr-extract/msgpackr-extract-linux-arm64": {
      "version": "2.2.0",
      "resolved": "https://registry.npmjs.org/@msgpackr-extract/msgpackr-extract-linux-arm64/-/msgpackr-extract-linux-arm64-2.2.0.tgz",
      "integrity": "sha512-hlxxLdRmPyq16QCutUtP8Tm6RDWcyaLsRssaHROatgnkOxdleMTgetf9JsdncL8vLh7FVy/RN9i3XR5dnb9cRA==",
      "dev": true,
      "optional": true
    },
    "@msgpackr-extract/msgpackr-extract-linux-x64": {
      "version": "2.2.0",
      "resolved": "https://registry.npmjs.org/@msgpackr-extract/msgpackr-extract-linux-x64/-/msgpackr-extract-linux-x64-2.2.0.tgz",
      "integrity": "sha512-94y5PJrSOqUNcFKmOl7z319FelCLAE0rz/jPCWS+UtdMZvpa4jrQd+cJPQCLp2Fes1yAW/YUQj/Di6YVT3c3Iw==",
      "dev": true,
      "optional": true
    },
    "@msgpackr-extract/msgpackr-extract-win32-x64": {
      "version": "2.2.0",
      "resolved": "https://registry.npmjs.org/@msgpackr-extract/msgpackr-extract-win32-x64/-/msgpackr-extract-win32-x64-2.2.0.tgz",
      "integrity": "sha512-XrC0JzsqQSvOyM3t04FMLO6z5gCuhPE6k4FXuLK5xf52ZbdvcFe1yBmo7meCew9B8G2f0T9iu9t3kfTYRYROgA==",
      "dev": true,
      "optional": true
    },
    "@parcel/cache": {
      "version": "2.8.3",
      "resolved": "https://registry.npmjs.org/@parcel/cache/-/cache-2.8.3.tgz",
      "integrity": "sha512-k7xv5vSQrJLdXuglo+Hv3yF4BCSs1tQ/8Vbd6CHTkOhf7LcGg6CPtLw053R/KdMpd/4GPn0QrAsOLdATm1ELtQ==",
      "dev": true,
      "requires": {
        "@parcel/fs": "2.8.3",
        "@parcel/logger": "2.8.3",
        "@parcel/utils": "2.8.3",
        "lmdb": "2.5.2"
      }
    },
    "@parcel/codeframe": {
      "version": "2.8.3",
      "resolved": "https://registry.npmjs.org/@parcel/codeframe/-/codeframe-2.8.3.tgz",
      "integrity": "sha512-FE7sY53D6n/+2Pgg6M9iuEC6F5fvmyBkRE4d9VdnOoxhTXtkEqpqYgX7RJ12FAQwNlxKq4suBJQMgQHMF2Kjeg==",
      "dev": true,
      "requires": {
        "chalk": "^4.1.0"
      }
    },
    "@parcel/diagnostic": {
      "version": "2.8.3",
      "resolved": "https://registry.npmjs.org/@parcel/diagnostic/-/diagnostic-2.8.3.tgz",
      "integrity": "sha512-u7wSzuMhLGWZjVNYJZq/SOViS3uFG0xwIcqXw12w54Uozd6BH8JlhVtVyAsq9kqnn7YFkw6pXHqAo5Tzh4FqsQ==",
      "dev": true,
      "requires": {
        "@mischnic/json-sourcemap": "^0.1.0",
        "nullthrows": "^1.1.1"
      }
    },
    "@parcel/events": {
      "version": "2.8.3",
      "resolved": "https://registry.npmjs.org/@parcel/events/-/events-2.8.3.tgz",
      "integrity": "sha512-hoIS4tAxWp8FJk3628bsgKxEvR7bq2scCVYHSqZ4fTi/s0+VymEATrRCUqf+12e5H47uw1/ZjoqrGtBI02pz4w==",
      "dev": true
    },
    "@parcel/fs": {
      "version": "2.8.3",
      "resolved": "https://registry.npmjs.org/@parcel/fs/-/fs-2.8.3.tgz",
      "integrity": "sha512-y+i+oXbT7lP0e0pJZi/YSm1vg0LDsbycFuHZIL80pNwdEppUAtibfJZCp606B7HOjMAlNZOBo48e3hPG3d8jgQ==",
      "dev": true,
      "requires": {
        "@parcel/fs-search": "2.8.3",
        "@parcel/types": "2.8.3",
        "@parcel/utils": "2.8.3",
        "@parcel/watcher": "^2.0.7",
        "@parcel/workers": "2.8.3"
      }
    },
    "@parcel/fs-search": {
      "version": "2.8.3",
      "resolved": "https://registry.npmjs.org/@parcel/fs-search/-/fs-search-2.8.3.tgz",
      "integrity": "sha512-DJBT2N8knfN7Na6PP2mett3spQLTqxFrvl0gv+TJRp61T8Ljc4VuUTb0hqBj+belaASIp3Q+e8+SgaFQu7wLiQ==",
      "dev": true,
      "requires": {
        "detect-libc": "^1.0.3"
      }
    },
    "@parcel/hash": {
      "version": "2.8.3",
      "resolved": "https://registry.npmjs.org/@parcel/hash/-/hash-2.8.3.tgz",
      "integrity": "sha512-FVItqzjWmnyP4ZsVgX+G00+6U2IzOvqDtdwQIWisCcVoXJFCqZJDy6oa2qDDFz96xCCCynjRjPdQx2jYBCpfYw==",
      "dev": true,
      "requires": {
        "detect-libc": "^1.0.3",
        "xxhash-wasm": "^0.4.2"
      }
    },
    "@parcel/logger": {
      "version": "2.8.3",
      "resolved": "https://registry.npmjs.org/@parcel/logger/-/logger-2.8.3.tgz",
      "integrity": "sha512-Kpxd3O/Vs7nYJIzkdmB6Bvp3l/85ydIxaZaPfGSGTYOfaffSOTkhcW9l6WemsxUrlts4za6CaEWcc4DOvaMOPA==",
      "dev": true,
      "requires": {
        "@parcel/diagnostic": "2.8.3",
        "@parcel/events": "2.8.3"
      }
    },
    "@parcel/markdown-ansi": {
      "version": "2.8.3",
      "resolved": "https://registry.npmjs.org/@parcel/markdown-ansi/-/markdown-ansi-2.8.3.tgz",
      "integrity": "sha512-4v+pjyoh9f5zuU/gJlNvNFGEAb6J90sOBwpKJYJhdWXLZMNFCVzSigxrYO+vCsi8G4rl6/B2c0LcwIMjGPHmFQ==",
      "dev": true,
      "requires": {
        "chalk": "^4.1.0"
      }
    },
    "@parcel/package-manager": {
      "version": "2.8.3",
      "resolved": "https://registry.npmjs.org/@parcel/package-manager/-/package-manager-2.8.3.tgz",
      "integrity": "sha512-tIpY5pD2lH53p9hpi++GsODy6V3khSTX4pLEGuMpeSYbHthnOViobqIlFLsjni+QA1pfc8NNNIQwSNdGjYflVA==",
      "dev": true,
      "requires": {
        "@parcel/diagnostic": "2.8.3",
        "@parcel/fs": "2.8.3",
        "@parcel/logger": "2.8.3",
        "@parcel/types": "2.8.3",
        "@parcel/utils": "2.8.3",
        "@parcel/workers": "2.8.3",
        "semver": "^5.7.1"
      }
    },
    "@parcel/plugin": {
      "version": "2.8.3",
      "resolved": "https://registry.npmjs.org/@parcel/plugin/-/plugin-2.8.3.tgz",
      "integrity": "sha512-jZ6mnsS4D9X9GaNnvrixDQwlUQJCohDX2hGyM0U0bY2NWU8Km97SjtoCpWjq+XBCx/gpC4g58+fk9VQeZq2vlw==",
      "dev": true,
      "requires": {
        "@parcel/types": "2.8.3"
      }
    },
    "@parcel/source-map": {
      "version": "2.1.1",
      "resolved": "https://registry.npmjs.org/@parcel/source-map/-/source-map-2.1.1.tgz",
      "integrity": "sha512-Ejx1P/mj+kMjQb8/y5XxDUn4reGdr+WyKYloBljpppUy8gs42T+BNoEOuRYqDVdgPc6NxduzIDoJS9pOFfV5Ew==",
      "dev": true,
      "requires": {
        "detect-libc": "^1.0.3"
      }
    },
    "@parcel/transformer-sass": {
      "version": "2.8.3",
      "resolved": "https://registry.npmjs.org/@parcel/transformer-sass/-/transformer-sass-2.8.3.tgz",
      "integrity": "sha512-ak196rjvXdsBOGi5aTkBEKv6i4LKQgOkHuaKEjeT8g2a3CU6Z36J+j2GbZzsznfws/hH+CRTf8bAsbkxtKlkjQ==",
      "dev": true,
      "requires": {
        "@parcel/plugin": "2.8.3",
        "@parcel/source-map": "^2.1.1",
        "sass": "^1.38.0"
      }
    },
    "@parcel/types": {
      "version": "2.8.3",
      "resolved": "https://registry.npmjs.org/@parcel/types/-/types-2.8.3.tgz",
      "integrity": "sha512-FECA1FB7+0UpITKU0D6TgGBpGxYpVSMNEENZbSJxFSajNy3wrko+zwBKQmFOLOiPcEtnGikxNs+jkFWbPlUAtw==",
      "dev": true,
      "requires": {
        "@parcel/cache": "2.8.3",
        "@parcel/diagnostic": "2.8.3",
        "@parcel/fs": "2.8.3",
        "@parcel/package-manager": "2.8.3",
        "@parcel/source-map": "^2.1.1",
        "@parcel/workers": "2.8.3",
        "utility-types": "^3.10.0"
      }
    },
    "@parcel/utils": {
      "version": "2.8.3",
      "resolved": "https://registry.npmjs.org/@parcel/utils/-/utils-2.8.3.tgz",
      "integrity": "sha512-IhVrmNiJ+LOKHcCivG5dnuLGjhPYxQ/IzbnF2DKNQXWBTsYlHkJZpmz7THoeLtLliGmSOZ3ZCsbR8/tJJKmxjA==",
      "dev": true,
      "requires": {
        "@parcel/codeframe": "2.8.3",
        "@parcel/diagnostic": "2.8.3",
        "@parcel/hash": "2.8.3",
        "@parcel/logger": "2.8.3",
        "@parcel/markdown-ansi": "2.8.3",
        "@parcel/source-map": "^2.1.1",
        "chalk": "^4.1.0"
      }
    },
    "@parcel/watcher": {
      "version": "2.1.0",
      "resolved": "https://registry.npmjs.org/@parcel/watcher/-/watcher-2.1.0.tgz",
      "integrity": "sha512-8s8yYjd19pDSsBpbkOHnT6Z2+UJSuLQx61pCFM0s5wSRvKCEMDjd/cHY3/GI1szHIWbpXpsJdg3V6ISGGx9xDw==",
      "dev": true,
      "requires": {
        "is-glob": "^4.0.3",
        "micromatch": "^4.0.5",
        "node-addon-api": "^3.2.1",
        "node-gyp-build": "^4.3.0"
      }
    },
    "@parcel/workers": {
      "version": "2.8.3",
      "resolved": "https://registry.npmjs.org/@parcel/workers/-/workers-2.8.3.tgz",
      "integrity": "sha512-+AxBnKgjqVpUHBcHLWIHcjYgKIvHIpZjN33mG5LG9XXvrZiqdWvouEzqEXlVLq5VzzVbKIQQcmsvRy138YErkg==",
      "dev": true,
      "requires": {
        "@parcel/diagnostic": "2.8.3",
        "@parcel/logger": "2.8.3",
        "@parcel/types": "2.8.3",
        "@parcel/utils": "2.8.3",
        "chrome-trace-event": "^1.0.2",
        "nullthrows": "^1.1.1"
      }
    },
    "@popperjs/core": {
      "version": "2.11.6",
      "resolved": "https://registry.npmjs.org/@popperjs/core/-/core-2.11.6.tgz",
      "integrity": "sha512-50/17A98tWUfQ176raKiOGXuYpLyyVMkxxG6oylzL3BPOlA6ADGdK7EYunSa4I064xerltq9TGXs8HmOk5E+vw=="
    },
    "ansi-styles": {
      "version": "4.3.0",
      "resolved": "https://registry.npmjs.org/ansi-styles/-/ansi-styles-4.3.0.tgz",
      "integrity": "sha512-zbB9rCJAT1rbjiVDb2hqKFHNYLxgtk8NURxZ3IZwD3F6NtxbXZQCnnSi1Lkx+IDohdPlFp222wVALIheZJQSEg==",
      "dev": true,
      "requires": {
        "color-convert": "^2.0.1"
      }
    },
    "anymatch": {
      "version": "3.1.3",
      "resolved": "https://registry.npmjs.org/anymatch/-/anymatch-3.1.3.tgz",
      "integrity": "sha512-KMReFUr0B4t+D+OBkjR3KYqvocp2XaSzO55UcB6mgQMd3KbcE+mWTyvVV7D/zsdEbNnV6acZUutkiHQXvTr1Rw==",
      "dev": true,
      "requires": {
        "normalize-path": "^3.0.0",
        "picomatch": "^2.0.4"
      }
    },
    "binary-extensions": {
      "version": "2.2.0",
      "resolved": "https://registry.npmjs.org/binary-extensions/-/binary-extensions-2.2.0.tgz",
      "integrity": "sha512-jDctJ/IVQbZoJykoeHbhXpOlNBqGNcwXJKJog42E5HDPUwQTSdjCHdihjj0DlnheQ7blbT6dHOafNAiS8ooQKA==",
      "dev": true
    },
    "bootstrap": {
      "version": "5.2.3",
      "resolved": "https://registry.npmjs.org/bootstrap/-/bootstrap-5.2.3.tgz",
      "integrity": "sha512-cEKPM+fwb3cT8NzQZYEu4HilJ3anCrWqh3CHAok1p9jXqMPsPTBhU25fBckEJHJ/p+tTxTFTsFQGM+gaHpi3QQ=="
    },
    "braces": {
      "version": "3.0.2",
      "resolved": "https://registry.npmjs.org/braces/-/braces-3.0.2.tgz",
      "integrity": "sha512-b8um+L1RzM3WDSzvhm6gIz1yfTbBt6YTlcEKAvsmqCZZFw46z626lVj9j1yEPW33H5H+lBQpZMP1k8l+78Ha0A==",
      "dev": true,
      "requires": {
        "fill-range": "^7.0.1"
      }
    },
    "chalk": {
      "version": "4.1.2",
      "resolved": "https://registry.npmjs.org/chalk/-/chalk-4.1.2.tgz",
      "integrity": "sha512-oKnbhFyRIXpUuez8iBMmyEa4nbj4IOQyuhc/wy9kY7/WVPcwIO9VA668Pu8RkO7+0G76SLROeyw9CpQ061i4mA==",
      "dev": true,
      "requires": {
        "ansi-styles": "^4.1.0",
        "supports-color": "^7.1.0"
      }
    },
    "chokidar": {
      "version": "3.5.3",
      "resolved": "https://registry.npmjs.org/chokidar/-/chokidar-3.5.3.tgz",
      "integrity": "sha512-Dr3sfKRP6oTcjf2JmUmFJfeVMvXBdegxB0iVQ5eb2V10uFJUCAS8OByZdVAyVb8xXNz3GjjTgj9kLWsZTqE6kw==",
      "dev": true,
      "requires": {
        "anymatch": "~3.1.2",
        "braces": "~3.0.2",
        "fsevents": "~2.3.2",
        "glob-parent": "~5.1.2",
        "is-binary-path": "~2.1.0",
        "is-glob": "~4.0.1",
        "normalize-path": "~3.0.0",
        "readdirp": "~3.6.0"
      }
    },
    "chrome-trace-event": {
      "version": "1.0.3",
      "resolved": "https://registry.npmjs.org/chrome-trace-event/-/chrome-trace-event-1.0.3.tgz",
      "integrity": "sha512-p3KULyQg4S7NIHixdwbGX+nFHkoBiA4YQmyWtjb8XngSKV124nJmRysgAeujbUVb15vh+RvFUfCPqU7rXk+hZg==",
      "dev": true
    },
    "color-convert": {
      "version": "2.0.1",
      "resolved": "https://registry.npmjs.org/color-convert/-/color-convert-2.0.1.tgz",
      "integrity": "sha512-RRECPsj7iu/xb5oKYcsFHSppFNnsj/52OVTRKb4zP5onXwVF3zVmmToNcOfGC+CRDpfK/U584fMg38ZHCaElKQ==",
      "dev": true,
      "requires": {
        "color-name": "~1.1.4"
      }
    },
    "color-name": {
      "version": "1.1.4",
      "resolved": "https://registry.npmjs.org/color-name/-/color-name-1.1.4.tgz",
      "integrity": "sha512-dOy+3AuW3a2wNbZHIuMZpTcgjGuLU/uBL/ubcZF9OXbDo8ff4O8yVp5Bf0efS8uEoYo5q4Fx7dY9OgQGXgAsQA==",
      "dev": true
    },
    "detect-libc": {
      "version": "1.0.3",
      "resolved": "https://registry.npmjs.org/detect-libc/-/detect-libc-1.0.3.tgz",
      "integrity": "sha512-pGjwhsmsp4kL2RTz08wcOlGN83otlqHeD/Z5T8GXZB+/YcpQ/dgo+lbU8ZsGxV0HIvqqxo9l7mqYwyYMD9bKDg==",
      "dev": true
    },
    "fill-range": {
      "version": "7.0.1",
      "resolved": "https://registry.npmjs.org/fill-range/-/fill-range-7.0.1.tgz",
      "integrity": "sha512-qOo9F+dMUmC2Lcb4BbVvnKJxTPjCm+RRpe4gDuGrzkL7mEVl/djYSu2OdQ2Pa302N4oqkSg9ir6jaLWJ2USVpQ==",
      "dev": true,
      "requires": {
        "to-regex-range": "^5.0.1"
      }
    },
    "fsevents": {
      "version": "2.3.2",
      "resolved": "https://registry.npmjs.org/fsevents/-/fsevents-2.3.2.tgz",
      "integrity": "sha512-xiqMQR4xAeHTuB9uWm+fFRcIOgKBMiOBP+eXiyT7jsgVCq1bkVygt00oASowB7EdtpOHaaPgKt812P9ab+DDKA==",
      "dev": true,
      "optional": true
    },
    "glob-parent": {
      "version": "5.1.2",
      "resolved": "https://registry.npmjs.org/glob-parent/-/glob-parent-5.1.2.tgz",
      "integrity": "sha512-AOIgSQCepiJYwP3ARnGx+5VnTu2HBYdzbGP45eLw1vr3zB3vZLeyed1sC9hnbcOc9/SrMyM5RPQrkGz4aS9Zow==",
      "dev": true,
      "requires": {
        "is-glob": "^4.0.1"
      }
    },
    "has-flag": {
      "version": "4.0.0",
      "resolved": "https://registry.npmjs.org/has-flag/-/has-flag-4.0.0.tgz",
      "integrity": "sha512-EykJT/Q1KjTWctppgIAgfSO0tKVuZUjhgMr17kqTumMl6Afv3EISleU7qZUzoXDFTAHTDC4NOoG/ZxU3EvlMPQ==",
      "dev": true
    },
    "immutable": {
      "version": "4.2.2",
      "resolved": "https://registry.npmjs.org/immutable/-/immutable-4.2.2.tgz",
      "integrity": "sha512-fTMKDwtbvO5tldky9QZ2fMX7slR0mYpY5nbnFWYp0fOzDhHqhgIw9KoYgxLWsoNTS9ZHGauHj18DTyEw6BK3Og==",
      "dev": true
    },
    "is-binary-path": {
      "version": "2.1.0",
      "resolved": "https://registry.npmjs.org/is-binary-path/-/is-binary-path-2.1.0.tgz",
      "integrity": "sha512-ZMERYes6pDydyuGidse7OsHxtbI7WVeUEozgR/g7rd0xUimYNlvZRE/K2MgZTjWy725IfelLeVcEM97mmtRGXw==",
      "dev": true,
      "requires": {
        "binary-extensions": "^2.0.0"
      }
    },
    "is-extglob": {
      "version": "2.1.1",
      "resolved": "https://registry.npmjs.org/is-extglob/-/is-extglob-2.1.1.tgz",
      "integrity": "sha512-SbKbANkN603Vi4jEZv49LeVJMn4yGwsbzZworEoyEiutsN3nJYdbO36zfhGJ6QEDpOZIFkDtnq5JRxmvl3jsoQ==",
      "dev": true
    },
    "is-glob": {
      "version": "4.0.3",
      "resolved": "https://registry.npmjs.org/is-glob/-/is-glob-4.0.3.tgz",
      "integrity": "sha512-xelSayHH36ZgE7ZWhli7pW34hNbNl8Ojv5KVmkJD4hBdD3th8Tfk9vYasLM+mXWOZhFkgZfxhLSnrwRr4elSSg==",
      "dev": true,
      "requires": {
        "is-extglob": "^2.1.1"
      }
    },
    "is-number": {
      "version": "7.0.0",
      "resolved": "https://registry.npmjs.org/is-number/-/is-number-7.0.0.tgz",
      "integrity": "sha512-41Cifkg6e8TylSpdtTpeLVMqvSBEVzTttHvERD741+pnZ8ANv0004MRL43QKPDlK9cGvNp6NZWZUBlbGXYxxng==",
      "dev": true
    },
    "json5": {
      "version": "2.2.3",
      "resolved": "https://registry.npmjs.org/json5/-/json5-2.2.3.tgz",
      "integrity": "sha512-XmOWe7eyHYH14cLdVPoyg+GOH3rYX++KpzrylJwSW98t3Nk+U8XOl8FWKOgwtzdb8lXGf6zYwDUzeHMWfxasyg==",
      "dev": true
    },
    "lmdb": {
      "version": "2.5.2",
      "resolved": "https://registry.npmjs.org/lmdb/-/lmdb-2.5.2.tgz",
      "integrity": "sha512-V5V5Xa2Hp9i2XsbDALkBTeHXnBXh/lEmk9p22zdr7jtuOIY9TGhjK6vAvTpOOx9IKU4hJkRWZxn/HsvR1ELLtA==",
      "dev": true,
      "requires": {
        "@lmdb/lmdb-darwin-arm64": "2.5.2",
        "@lmdb/lmdb-darwin-x64": "2.5.2",
        "@lmdb/lmdb-linux-arm": "2.5.2",
        "@lmdb/lmdb-linux-arm64": "2.5.2",
        "@lmdb/lmdb-linux-x64": "2.5.2",
        "@lmdb/lmdb-win32-x64": "2.5.2",
        "msgpackr": "^1.5.4",
        "node-addon-api": "^4.3.0",
        "node-gyp-build-optional-packages": "5.0.3",
        "ordered-binary": "^1.2.4",
        "weak-lru-cache": "^1.2.2"
      },
      "dependencies": {
        "node-addon-api": {
          "version": "4.3.0",
          "resolved": "https://registry.npmjs.org/node-addon-api/-/node-addon-api-4.3.0.tgz",
          "integrity": "sha512-73sE9+3UaLYYFmDsFZnqCInzPyh3MqIwZO9cw58yIqAZhONrrabrYyYe3TuIqtIiOuTXVhsGau8hcrhhwSsDIQ==",
          "dev": true
        }
      }
    },
    "micromatch": {
      "version": "4.0.5",
      "resolved": "https://registry.npmjs.org/micromatch/-/micromatch-4.0.5.tgz",
      "integrity": "sha512-DMy+ERcEW2q8Z2Po+WNXuw3c5YaUSFjAO5GsJqfEl7UjvtIuFKO6ZrKvcItdy98dwFI2N1tg3zNIdKaQT+aNdA==",
      "dev": true,
      "requires": {
        "braces": "^3.0.2",
        "picomatch": "^2.3.1"
      }
    },
    "msgpackr": {
      "version": "1.8.2",
      "resolved": "https://registry.npmjs.org/msgpackr/-/msgpackr-1.8.2.tgz",
      "integrity": "sha512-eLuPeok0DMwsGN23AvuVg32mYpx55tsQnxI87d8V1yZsdT8U5jrWhmCa1INO/joGAFQFfo/eTlM/BxVwLKbBOQ==",
      "dev": true,
      "requires": {
        "msgpackr-extract": "^2.2.0"
      }
    },
    "msgpackr-extract": {
      "version": "2.2.0",
      "resolved": "https://registry.npmjs.org/msgpackr-extract/-/msgpackr-extract-2.2.0.tgz",
      "integrity": "sha512-0YcvWSv7ZOGl9Od6Y5iJ3XnPww8O7WLcpYMDwX+PAA/uXLDtyw94PJv9GLQV/nnp3cWlDhMoyKZIQLrx33sWog==",
      "dev": true,
      "optional": true,
      "requires": {
        "@msgpackr-extract/msgpackr-extract-darwin-arm64": "2.2.0",
        "@msgpackr-extract/msgpackr-extract-darwin-x64": "2.2.0",
        "@msgpackr-extract/msgpackr-extract-linux-arm": "2.2.0",
        "@msgpackr-extract/msgpackr-extract-linux-arm64": "2.2.0",
        "@msgpackr-extract/msgpackr-extract-linux-x64": "2.2.0",
        "@msgpackr-extract/msgpackr-extract-win32-x64": "2.2.0",
        "node-gyp-build-optional-packages": "5.0.3"
      }
    },
    "node-addon-api": {
      "version": "3.2.1",
      "resolved": "https://registry.npmjs.org/node-addon-api/-/node-addon-api-3.2.1.tgz",
      "integrity": "sha512-mmcei9JghVNDYydghQmeDX8KoAm0FAiYyIcUt/N4nhyAipB17pllZQDOJD2fotxABnt4Mdz+dKTO7eftLg4d0A==",
      "dev": true
    },
    "node-gyp-build": {
      "version": "4.6.0",
      "resolved": "https://registry.npmjs.org/node-gyp-build/-/node-gyp-build-4.6.0.tgz",
      "integrity": "sha512-NTZVKn9IylLwUzaKjkas1e4u2DLNcV4rdYagA4PWdPwW87Bi7z+BznyKSRwS/761tV/lzCGXplWsiaMjLqP2zQ==",
      "dev": true
    },
    "node-gyp-build-optional-packages": {
      "version": "5.0.3",
      "resolved": "https://registry.npmjs.org/node-gyp-build-optional-packages/-/node-gyp-build-optional-packages-5.0.3.tgz",
      "integrity": "sha512-k75jcVzk5wnnc/FMxsf4udAoTEUv2jY3ycfdSd3yWu6Cnd1oee6/CfZJApyscA4FJOmdoixWwiwOyf16RzD5JA==",
      "dev": true
    },
    "normalize-path": {
      "version": "3.0.0",
      "resolved": "https://registry.npmjs.org/normalize-path/-/normalize-path-3.0.0.tgz",
      "integrity": "sha512-6eZs5Ls3WtCisHWp9S2GUy8dqkpGi4BVSz3GaqiE6ezub0512ESztXUwUB6C6IKbQkY2Pnb/mD4WYojCRwcwLA==",
      "dev": true
    },
    "nullthrows": {
      "version": "1.1.1",
      "resolved": "https://registry.npmjs.org/nullthrows/-/nullthrows-1.1.1.tgz",
      "integrity": "sha512-2vPPEi+Z7WqML2jZYddDIfy5Dqb0r2fze2zTxNNknZaFpVHU3mFB3R+DWeJWGVx0ecvttSGlJTI+WG+8Z4cDWw==",
      "dev": true
    },
    "ordered-binary": {
      "version": "1.4.0",
      "resolved": "https://registry.npmjs.org/ordered-binary/-/ordered-binary-1.4.0.tgz",
      "integrity": "sha512-EHQ/jk4/a9hLupIKxTfUsQRej1Yd/0QLQs3vGvIqg5ZtCYSzNhkzHoZc7Zf4e4kUlDaC3Uw8Q/1opOLNN2OKRQ==",
      "dev": true
    },
    "picomatch": {
      "version": "2.3.1",
      "resolved": "https://registry.npmjs.org/picomatch/-/picomatch-2.3.1.tgz",
      "integrity": "sha512-JU3teHTNjmE2VCGFzuY8EXzCDVwEqB2a8fsIvwaStHhAWJEeVd1o1QD80CU6+ZdEXXSLbSsuLwJjkCBWqRQUVA==",
      "dev": true
    },
    "readdirp": {
      "version": "3.6.0",
      "resolved": "https://registry.npmjs.org/readdirp/-/readdirp-3.6.0.tgz",
      "integrity": "sha512-hOS089on8RduqdbhvQ5Z37A0ESjsqz6qnRcffsMU3495FuTdqSm+7bhJ29JvIOsBDEEnan5DPu9t3To9VRlMzA==",
      "dev": true,
      "requires": {
        "picomatch": "^2.2.1"
      }
    },
    "sass": {
      "version": "1.57.1",
      "resolved": "https://registry.npmjs.org/sass/-/sass-1.57.1.tgz",
      "integrity": "sha512-O2+LwLS79op7GI0xZ8fqzF7X2m/m8WFfI02dHOdsK5R2ECeS5F62zrwg/relM1rjSLy7Vd/DiMNIvPrQGsA0jw==",
      "dev": true,
      "requires": {
        "chokidar": ">=3.0.0 <4.0.0",
        "immutable": "^4.0.0",
        "source-map-js": ">=0.6.2 <2.0.0"
      }
    },
    "semver": {
      "version": "5.7.1",
      "resolved": "https://registry.npmjs.org/semver/-/semver-5.7.1.tgz",
      "integrity": "sha512-sauaDf/PZdVgrLTNYHRtpXa1iRiKcaebiKQ1BJdpQlWH2lCvexQdX55snPFyK7QzpudqbCI0qXFfOasHdyNDGQ==",
      "dev": true
    },
    "source-map-js": {
      "version": "1.0.2",
      "resolved": "https://registry.npmjs.org/source-map-js/-/source-map-js-1.0.2.tgz",
      "integrity": "sha512-R0XvVJ9WusLiqTCEiGCmICCMplcCkIwwR11mOSD9CR5u+IXYdiseeEuXCVAjS54zqwkLcPNnmU4OeJ6tUrWhDw==",
      "dev": true
    },
    "supports-color": {
      "version": "7.2.0",
      "resolved": "https://registry.npmjs.org/supports-color/-/supports-color-7.2.0.tgz",
      "integrity": "sha512-qpCAvRl9stuOHveKsn7HncJRvv501qIacKzQlO/+Lwxc9+0q2wLyv4Dfvt80/DPn2pqOBsJdDiogXGR9+OvwRw==",
      "dev": true,
      "requires": {
        "has-flag": "^4.0.0"
      }
    },
    "to-regex-range": {
      "version": "5.0.1",
      "resolved": "https://registry.npmjs.org/to-regex-range/-/to-regex-range-5.0.1.tgz",
      "integrity": "sha512-65P7iz6X5yEr1cwcgvQxbbIw7Uk3gOy5dIdtZ4rDveLqhrdJP+Li/Hx6tyK0NEb+2GCyneCMJiGqrADCSNk8sQ==",
      "dev": true,
      "requires": {
        "is-number": "^7.0.0"
      }
    },
    "typescript": {
      "version": "4.9.4",
      "resolved": "https://registry.npmjs.org/typescript/-/typescript-4.9.4.tgz",
      "integrity": "sha512-Uz+dTXYzxXXbsFpM86Wh3dKCxrQqUcVMxwU54orwlJjOpO3ao8L7j5lH+dWfTwgCwIuM9GQ2kvVotzYJMXTBZg==",
      "dev": true
    },
    "utility-types": {
      "version": "3.10.0",
      "resolved": "https://registry.npmjs.org/utility-types/-/utility-types-3.10.0.tgz",
      "integrity": "sha512-O11mqxmi7wMKCo6HKFt5AhO4BwY3VV68YU07tgxfz8zJTIxr4BpsezN49Ffwy9j3ZpwwJp4fkRwjRzq3uWE6Rg==",
      "dev": true
    },
    "weak-lru-cache": {
      "version": "1.2.2",
      "resolved": "https://registry.npmjs.org/weak-lru-cache/-/weak-lru-cache-1.2.2.tgz",
      "integrity": "sha512-DEAoo25RfSYMuTGc9vPJzZcZullwIqRDSI9LOy+fkCJPi6hykCnfKaXTuPBDuXAUcqHXyOgFtHNp/kB2FjYHbw==",
      "dev": true
    },
    "xxhash-wasm": {
      "version": "0.4.2",
      "resolved": "https://registry.npmjs.org/xxhash-wasm/-/xxhash-wasm-0.4.2.tgz",
      "integrity": "sha512-/eyHVRJQCirEkSZ1agRSCwriMhwlyUcFkXD5TPVSLP+IPzjsqMVzZwdoczLp1SoQU0R3dxz1RpIK+4YNQbCVOA==",
      "dev": true
    }
  }
}
